<?xml version="1.0" encoding="utf-8"?>
<Project ToolsVersion="4.0" xmlns="http://schemas.microsoft.com/developer/msbuild/2003">
  <ItemGroup>
    <Filter Include="소스 파일">
      <UniqueIdentifier>{4FC737F1-C7A5-4376-A066-2A32D752A2FF}</UniqueIdentifier>
      <Extensions>cpp;c;cc;cxx;def;odl;idl;hpj;bat;asm;asmx</Extensions>
    </Filter>
    <Filter Include="헤더 파일">
      <UniqueIdentifier>{93995380-89BD-4b04-88EB-625FBE52EBFB}</UniqueIdentifier>
      <Extensions>h;hh;hpp;hxx;hm;inl;inc;ipp;xsd</Extensions>
    </Filter>
    <Filter Include="리소스 파일">
      <UniqueIdentifier>{67DA6AB6-F800-4c08-8B7A-83BB121AAD01}</UniqueIdentifier>
      <Extensions>rc;ico;cur;bmp;dlg;rc2;rct;bin;rgs;gif;jpg;jpeg;jpe;resx;tiff;tif;png;wav;mfcribbon-ms</Extensions>
    </Filter>
    <Filter Include="gameNode">
      <UniqueIdentifier>{71e18ebb-4095-48a9-bf64-0101a4b28e62}</UniqueIdentifier>
    </Filter>
    <Filter Include="mainGame">
      <UniqueIdentifier>{ea4c5740-10f5-4349-8ad6-d780ce577129}</UniqueIdentifier>
    </Filter>
    <Filter Include="singletonBase">
      <UniqueIdentifier>{1352499b-c472-4ac9-85cb-71b3f3226ffd}</UniqueIdentifier>
    </Filter>
    <Filter Include="Manager">
      <UniqueIdentifier>{18fb1c79-f50b-4b9b-a264-e066d2bca54b}</UniqueIdentifier>
    </Filter>
    <Filter Include="UTIL">
      <UniqueIdentifier>{ee673918-6273-48b6-b9d8-c4d87fd95bc1}</UniqueIdentifier>
    </Filter>
    <Filter Include="Manager\image">
      <UniqueIdentifier>{c6071c33-1efa-44cc-a846-47833fbef4fe}</UniqueIdentifier>
    </Filter>
    <Filter Include="Manager\animation">
      <UniqueIdentifier>{815067c8-1852-4de4-88c6-942efbfbdbf6}</UniqueIdentifier>
    </Filter>
    <Filter Include="Manager\effect">
      <UniqueIdentifier>{a85304e6-b75f-4c0c-8b3c-6a086fab35f1}</UniqueIdentifier>
    </Filter>
    <Filter Include="Manager\timer">
      <UniqueIdentifier>{63bdded0-ba64-47dd-adec-960c099f3b07}</UniqueIdentifier>
    </Filter>
    <Filter Include="Manager\txtData">
      <UniqueIdentifier>{00ade87a-93a8-46f2-b42b-4e1b20260dd6}</UniqueIdentifier>
    </Filter>
    <Filter Include="Manager\progressBar">
      <UniqueIdentifier>{dae6b3b8-16b1-4a62-aec4-1313566bf949}</UniqueIdentifier>
    </Filter>
    <Filter Include="mainGame\MapTool">
      <UniqueIdentifier>{fc933ff5-7e13-4bd4-9b21-5a713588d287}</UniqueIdentifier>
    </Filter>
    <Filter Include="mainGame\Scene">
      <UniqueIdentifier>{30f0321c-a551-4e36-8c04-416461a41560}</UniqueIdentifier>
    </Filter>
    <Filter Include="mainGame\Player">
      <UniqueIdentifier>{2dd932b1-c6fa-4e84-b7fc-d51abea79a2e}</UniqueIdentifier>
    </Filter>
    <Filter Include="mainGame\Enemy">
      <UniqueIdentifier>{f8660c58-499f-48d8-a740-bdfff2fbcdd9}</UniqueIdentifier>
    </Filter>
    <Filter Include="Manager\addManager">
      <UniqueIdentifier>{add97e61-d628-4f5f-9e44-91557ba6b9c4}</UniqueIdentifier>
    </Filter>
    <Filter Include="mainGame\UI">
      <UniqueIdentifier>{638d2572-fec4-48fa-a44b-4663b034ceb9}</UniqueIdentifier>
    </Filter>
    <Filter Include="mainGame\Player\Base">
      <UniqueIdentifier>{4b8c959d-0f76-45e0-bac4-1ba3fc7ac017}</UniqueIdentifier>
    </Filter>
    <Filter Include="mainGame\Enemy\Base">
      <UniqueIdentifier>{9a6456a3-daf3-4f89-bfc0-a32fe15f0c1f}</UniqueIdentifier>
    </Filter>
    <Filter Include="mainGame\Friendly">
      <UniqueIdentifier>{3ecf1c9a-5eb8-4867-b761-dbed0c4bbbcf}</UniqueIdentifier>
    </Filter>
    <Filter Include="mainGame\Friendly\Base">
      <UniqueIdentifier>{4f0ce1cc-cf75-47a1-9d2c-9a3a62b9b537}</UniqueIdentifier>
    </Filter>
  </ItemGroup>
  <ItemGroup>
    <ClInclude Include="stdafx.h">
      <Filter>헤더 파일</Filter>
    </ClInclude>
    <ClInclude Include="targetver.h">
      <Filter>헤더 파일</Filter>
    </ClInclude>
    <ClInclude Include="Resource.h">
      <Filter>헤더 파일</Filter>
    </ClInclude>
    <ClInclude Include="API_FrameWork.h">
      <Filter>헤더 파일</Filter>
    </ClInclude>
    <ClInclude Include="commonMacroFunction.h">
      <Filter>헤더 파일</Filter>
    </ClInclude>
    <ClInclude Include="gameNode.h">
      <Filter>gameNode</Filter>
    </ClInclude>
    <ClInclude Include="mainGame.h">
      <Filter>mainGame</Filter>
    </ClInclude>
    <ClInclude Include="keyManager.h">
      <Filter>Manager</Filter>
    </ClInclude>
    <ClInclude Include="singletonBase.h">
      <Filter>singletonBase</Filter>
    </ClInclude>
    <ClInclude Include="randomFunction.h">
      <Filter>헤더 파일</Filter>
    </ClInclude>
    <ClInclude Include="utils.h">
      <Filter>UTIL</Filter>
    </ClInclude>
    <ClInclude Include="image.h">
      <Filter>Manager\image</Filter>
    </ClInclude>
    <ClInclude Include="imageManager.h">
      <Filter>Manager</Filter>
    </ClInclude>
    <ClInclude Include="timer.h">
      <Filter>Manager\timer</Filter>
    </ClInclude>
    <ClInclude Include="timeManager.h">
      <Filter>Manager</Filter>
    </ClInclude>
    <ClInclude Include="progressBar.h">
      <Filter>Manager\progressBar</Filter>
    </ClInclude>
    <ClInclude Include="txtData.h">
      <Filter>Manager\txtData</Filter>
    </ClInclude>
    <ClInclude Include="sceneManager.h">
      <Filter>Manager</Filter>
    </ClInclude>
    <ClInclude Include="soundManager.h">
      <Filter>Manager</Filter>
    </ClInclude>
    <ClInclude Include="animation.h">
      <Filter>Manager\animation</Filter>
    </ClInclude>
    <ClInclude Include="animationManager.h">
      <Filter>Manager</Filter>
    </ClInclude>
    <ClInclude Include="effect.h">
      <Filter>Manager\effect</Filter>
    </ClInclude>
    <ClInclude Include="effectManager.h">
      <Filter>Manager</Filter>
    </ClInclude>
    <ClInclude Include="MapTool.h">
      <Filter>mainGame\MapTool</Filter>
    </ClInclude>
    <ClInclude Include="MapTiles.h">
      <Filter>mainGame\MapTool</Filter>
    </ClInclude>
    <ClInclude Include="GameScene.h">
      <Filter>mainGame\Scene</Filter>
    </ClInclude>
    <ClInclude Include="MainMap.h">
      <Filter>mainGame\MapTool</Filter>
    </ClInclude>
    <ClInclude Include="PlayerManager.h">
      <Filter>Manager\addManager</Filter>
    </ClInclude>
    <ClInclude Include="Jojo.h">
      <Filter>mainGame\Player</Filter>
    </ClInclude>
    <ClInclude Include="Join.h">
      <Filter>mainGame\Player</Filter>
    </ClInclude>
    <ClInclude Include="Johong.h">
      <Filter>mainGame\Player</Filter>
    </ClInclude>
    <ClInclude Include="Hahudon.h">
      <Filter>mainGame\Player</Filter>
    </ClInclude>
    <ClInclude Include="Hahuyeon.h">
      <Filter>mainGame\Player</Filter>
    </ClInclude>
    <ClInclude Include="Ijeon.h">
      <Filter>mainGame\Player</Filter>
    </ClInclude>
    <ClInclude Include="Agjin.h">
      <Filter>mainGame\Player</Filter>
    </ClInclude>
    <ClInclude Include="Interface.h">
      <Filter>mainGame\UI</Filter>
    </ClInclude>
    <ClInclude Include="EnemyManager.h">
      <Filter>Manager\addManager</Filter>
    </ClInclude>
    <ClInclude Include="EnemyBase.h">
      <Filter>mainGame\Enemy\Base</Filter>
    </ClInclude>
    <ClInclude Include="Yeopo.h">
      <Filter>mainGame\Enemy</Filter>
    </ClInclude>
    <ClInclude Include="PlayerBase.h">
      <Filter>mainGame\Player\Base</Filter>
    </ClInclude>
    <ClInclude Include="CollisionManager.h">
      <Filter>Manager\addManager</Filter>
    </ClInclude>
    <ClInclude Include="Dongtak.h">
      <Filter>mainGame\Enemy</Filter>
    </ClInclude>
    <ClInclude Include="Iyu.h">
      <Filter>mainGame\Enemy</Filter>
    </ClInclude>
    <ClInclude Include="Jangje.h">
      <Filter>mainGame\Enemy</Filter>
    </ClInclude>
    <ClInclude Include="Beonju.h">
      <Filter>mainGame\Enemy</Filter>
    </ClInclude>
    <ClInclude Include="Archer.h">
      <Filter>mainGame\Enemy</Filter>
    </ClInclude>
    <ClInclude Include="Cavalry.h">
      <Filter>mainGame\Enemy</Filter>
    </ClInclude>
    <ClInclude Include="Infantry.h">
      <Filter>mainGame\Enemy</Filter>
    </ClInclude>
    <ClInclude Include="FriendlyBase.h">
      <Filter>mainGame\Friendly\Base</Filter>
    </ClInclude>
    <ClInclude Include="FriendlyManager.h">
      <Filter>Manager\addManager</Filter>
    </ClInclude>
    <ClInclude Include="Dogyeom.h">
      <Filter>mainGame\Friendly</Filter>
    </ClInclude>
    <ClInclude Include="Gwanu.h">
      <Filter>mainGame\Friendly</Filter>
    </ClInclude>
    <ClInclude Include="Jangbi.h">
      <Filter>mainGame\Friendly</Filter>
    </ClInclude>
    <ClInclude Include="Soldier.h">
      <Filter>mainGame\Friendly</Filter>
    </ClInclude>
    <ClInclude Include="Wonso.h">
      <Filter>mainGame\Friendly</Filter>
    </ClInclude>
    <ClInclude Include="Yubi.h">
      <Filter>mainGame\Friendly</Filter>
    </ClInclude>
    <ClInclude Include="TitleScene.h">
      <Filter>mainGame\Scene</Filter>
    </ClInclude>
    <ClInclude Include="LobbyScene.h">
      <Filter>mainGame\Scene</Filter>
    </ClInclude>
  </ItemGroup>
  <ItemGroup>
    <ClCompile Include="stdafx.cpp">
      <Filter>소스 파일</Filter>
    </ClCompile>
    <ClCompile Include="winMain.cpp">
      <Filter>소스 파일</Filter>
    </ClCompile>
    <ClCompile Include="gameNode.cpp">
      <Filter>gameNode</Filter>
    </ClCompile>
    <ClCompile Include="mainGame.cpp">
      <Filter>mainGame</Filter>
    </ClCompile>
    <ClCompile Include="keyManager.cpp">
      <Filter>Manager</Filter>
    </ClCompile>
    <ClCompile Include="utils.cpp">
      <Filter>UTIL</Filter>
    </ClCompile>
    <ClCompile Include="image.cpp">
      <Filter>Manager\image</Filter>
    </ClCompile>
    <ClCompile Include="imageManager.cpp">
      <Filter>Manager</Filter>
    </ClCompile>
    <ClCompile Include="timer.cpp">
      <Filter>Manager\timer</Filter>
    </ClCompile>
    <ClCompile Include="timeManager.cpp">
      <Filter>Manager</Filter>
    </ClCompile>
    <ClCompile Include="progressBar.cpp">
      <Filter>Manager\progressBar</Filter>
    </ClCompile>
    <ClCompile Include="txtData.cpp">
      <Filter>Manager\txtData</Filter>
    </ClCompile>
    <ClCompile Include="sceneManager.cpp">
      <Filter>Manager</Filter>
    </ClCompile>
    <ClCompile Include="soundManager.cpp">
      <Filter>Manager</Filter>
    </ClCompile>
    <ClCompile Include="animation.cpp">
      <Filter>Manager\animation</Filter>
    </ClCompile>
    <ClCompile Include="animationManager.cpp">
      <Filter>Manager</Filter>
    </ClCompile>
    <ClCompile Include="effect.cpp">
      <Filter>Manager\effect</Filter>
    </ClCompile>
    <ClCompile Include="effectManager.cpp">
      <Filter>Manager</Filter>
    </ClCompile>
    <ClCompile Include="MapTool.cpp">
      <Filter>mainGame\MapTool</Filter>
    </ClCompile>
    <ClCompile Include="GameScene.cpp">
      <Filter>mainGame\Scene</Filter>
    </ClCompile>
    <ClCompile Include="MainMap.cpp">
      <Filter>mainGame\MapTool</Filter>
    </ClCompile>
    <ClCompile Include="PlayerManager.cpp">
      <Filter>Manager\addManager</Filter>
    </ClCompile>
    <ClCompile Include="Jojo.cpp">
      <Filter>mainGame\Player</Filter>
    </ClCompile>
    <ClCompile Include="Join.cpp">
      <Filter>mainGame\Player</Filter>
    </ClCompile>
    <ClCompile Include="Johong.cpp">
      <Filter>mainGame\Player</Filter>
    </ClCompile>
    <ClCompile Include="Hahudon.cpp">
      <Filter>mainGame\Player</Filter>
    </ClCompile>
    <ClCompile Include="Hahuyeon.cpp">
      <Filter>mainGame\Player</Filter>
    </ClCompile>
    <ClCompile Include="Ijeon.cpp">
      <Filter>mainGame\Player</Filter>
    </ClCompile>
    <ClCompile Include="Agjin.cpp">
      <Filter>mainGame\Player</Filter>
    </ClCompile>
    <ClCompile Include="Interface.cpp">
      <Filter>mainGame\UI</Filter>
    </ClCompile>
    <ClCompile Include="EnemyManager.cpp">
      <Filter>Manager\addManager</Filter>
    </ClCompile>
    <ClCompile Include="PlayerBase.cpp">
      <Filter>mainGame\Player\Base</Filter>
    </ClCompile>
    <ClCompile Include="EnemyBase.cpp">
      <Filter>mainGame\Enemy\Base</Filter>
    </ClCompile>
    <ClCompile Include="Yeopo.cpp">
      <Filter>mainGame\Enemy</Filter>
    </ClCompile>
    <ClCompile Include="CollisionManager.cpp">
      <Filter>Manager\addManager</Filter>
    </ClCompile>
    <ClCompile Include="Beonju.cpp">
      <Filter>mainGame\Enemy</Filter>
    </ClCompile>
    <ClCompile Include="Dongtak.cpp">
      <Filter>mainGame\Enemy</Filter>
    </ClCompile>
    <ClCompile Include="Iyu.cpp">
      <Filter>mainGame\Enemy</Filter>
    </ClCompile>
    <ClCompile Include="Jangje.cpp">
      <Filter>mainGame\Enemy</Filter>
    </ClCompile>
    <ClCompile Include="Archer.cpp">
      <Filter>mainGame\Enemy</Filter>
    </ClCompile>
    <ClCompile Include="Cavalry.cpp">
      <Filter>mainGame\Enemy</Filter>
    </ClCompile>
    <ClCompile Include="Infantry.cpp">
      <Filter>mainGame\Enemy</Filter>
    </ClCompile>
    <ClCompile Include="FriendlyBase.cpp">
      <Filter>mainGame\Friendly\Base</Filter>
    </ClCompile>
    <ClCompile Include="FriendlyManager.cpp">
      <Filter>Manager\addManager</Filter>
    </ClCompile>
    <ClCompile Include="Dogyeom.cpp">
      <Filter>mainGame\Friendly</Filter>
    </ClCompile>
    <ClCompile Include="Gwanu.cpp">
      <Filter>mainGame\Friendly</Filter>
    </ClCompile>
    <ClCompile Include="Jangbi.cpp">
      <Filter>mainGame\Friendly</Filter>
    </ClCompile>
    <ClCompile Include="Soldier.cpp">
      <Filter>mainGame\Friendly</Filter>
    </ClCompile>
    <ClCompile Include="Wonso.cpp">
      <Filter>mainGame\Friendly</Filter>
    </ClCompile>
    <ClCompile Include="Yubi.cpp">
      <Filter>mainGame\Friendly</Filter>
    </ClCompile>
    <ClCompile Include="TitleScene.cpp">
      <Filter>mainGame\Scene</Filter>
    </ClCompile>
    <ClCompile Include="LobbyScene.cpp">
      <Filter>mainGame\Scene</Filter>
    </ClCompile>
  </ItemGroup>
</Project>